
Microsoft Visual Studio Solution File, Format Version 12.00
# Visual Studio Version 16
VisualStudioVersion = 16.0.29905.134
MinimumVisualStudioVersion = 10.0.40219.1
Project("{FAE04EC0-301F-11D3-BF4B-00C04F79EFBC}") = "Notes.Android", "Notes\Notes.Android\Notes.Android.csproj", "{0F3183D9-378C-402B-B6D5-BD2E36920E4D}"
EndProject
Project("{FAE04EC0-301F-11D3-BF4B-00C04F79EFBC}") = "Notes.iOS", "Notes\Notes.iOS\Notes.iOS.csproj", "{F09FEC66-B824-4ACE-9058-A4E1488EA13E}"
EndProject
Project("{FAE04EC0-301F-11D3-BF4B-00C04F79EFBC}") = "Notes", "Notes\Notes\Notes.csproj", "{4EB7678A-25A2-4FFB-BC60-DF89E16BB552}"
EndProject
Global
	GlobalSection(SolutionConfigurationPlatforms) = preSolution
		Debug|Any CPU = Debug|Any CPU
		Debug|iPhone = Debug|iPhone
		Debug|iPhoneSimulator = Debug|iPhoneSimulator
		Release|Any CPU = Release|Any CPU
		Release|iPhone = Release|iPhone
		Release|iPhoneSimulator = Release|iPhoneSimulator
	EndGlobalSection
	GlobalSection(ProjectConfigurationPlatforms) = postSolution
		{0F3183D9-378C-402B-B6D5-BD2E36920E4D}.Debug|Any CPU.ActiveCfg = Debug|Any CPU
		{0F3183D9-378C-402B-B6D5-BD2E36920E4D}.Debug|Any CPU.Build.0 = Debug|Any CPU
		{0F3183D9-378C-402B-B6D5-BD2E36920E4D}.Debug|Any CPU.Deploy.0 = Debug|Any CPU
		{0F3183D9-378C-402B-B6D5-BD2E36920E4D}.Debug|iPhone.ActiveCfg = Debug|Any CPU
		{0F3183D9-378C-402B-B6D5-BD2E36920E4D}.Debug|iPhone.Build.0 = Debug|Any CPU
		{0F3183D9-378C-402B-B6D5-BD2E36920E4D}.Debug|iPhone.Deploy.0 = Debug|Any CPU
		{0F3183D9-378C-402B-B6D5-BD2E36920E4D}.Debug|iPhoneSimulator.ActiveCfg = Debug|Any CPU
		{0F3183D9-378C-402B-B6D5-BD2E36920E4D}.Debug|iPhoneSimulator.Build.0 = Debug|Any CPU
		{0F3183D9-378C-402B-B6D5-BD2E36920E4D}.Debug|iPhoneSimulator.Deploy.0 = Debug|Any CPU
		{0F3183D9-378C-402B-B6D5-BD2E36920E4D}.Release|Any CPU.ActiveCfg = Release|Any CPU
		{0F3183D9-378C-402B-B6D5-BD2E36920E4D}.Release|Any CPU.Build.0 = Release|Any CPU
		{0F3183D9-378C-402B-B6D5-BD2E36920E4D}.Release|Any CPU.Deploy.0 = Release|Any CPU
		{0F3183D9-378C-402B-B6D5-BD2E36920E4D}.Release|iPhone.ActiveCfg = Release|Any CPU
		{0F3183D9-378C-402B-B6D5-BD2E36920E4D}.Release|iPhone.Build.0 = Release|Any CPU
		{0F3183D9-378C-402B-B6D5-BD2E36920E4D}.Release|iPhone.Deploy.0 = Release|Any CPU
		{0F3183D9-378C-402B-B6D5-BD2E36920E4D}.Release|iPhoneSimulator.ActiveCfg = Release|Any CPU
		{0F3183D9-378C-402B-B6D5-BD2E36920E4D}.Release|iPhoneSimulator.Build.0 = Release|Any CPU
		{0F3183D9-378C-402B-B6D5-BD2E36920E4D}.Release|iPhoneSimulator.Deploy.0 = Release|Any CPU
		{F09FEC66-B824-4ACE-9058-A4E1488EA13E}.Debug|Any CPU.ActiveCfg = Debug|iPhoneSimulator
		{F09FEC66-B824-4ACE-9058-A4E1488EA13E}.Debug|Any CPU.Build.0 = Debug|iPhoneSimulator
		{F09FEC66-B824-4ACE-9058-A4E1488EA13E}.Debug|Any CPU.Deploy.0 = Debug|iPhoneSimulator
		{F09FEC66-B824-4ACE-9058-A4E1488EA13E}.Debug|iPhone.ActiveCfg = Debug|iPhone
		{F09FEC66-B824-4ACE-9058-A4E1488EA13E}.Debug|iPhone.Build.0 = Debug|iPhone
		{F09FEC66-B824-4ACE-9058-A4E1488EA13E}.Debug|iPhone.Deploy.0 = Debug|iPhone
		{F09FEC66-B824-4ACE-9058-A4E1488EA13E}.Debug|iPhoneSimulator.ActiveCfg = Debug|iPhoneSimulator
		{F09FEC66-B824-4ACE-9058-A4E1488EA13E}.Debug|iPhoneSimulator.Build.0 = Debug|iPhoneSimulator
		{F09FEC66-B824-4ACE-9058-A4E1488EA13E}.Debug|iPhoneSimulator.Deploy.0 = Debug|iPhoneSimulator
		{F09FEC66-B824-4ACE-9058-A4E1488EA13E}.Release|Any CPU.ActiveCfg = Release|iPhone
		{F09FEC66-B824-4ACE-9058-A4E1488EA13E}.Release|Any CPU.Build.0 = Release|iPhone
		{F09FEC66-B824-4ACE-9058-A4E1488EA13E}.Release|Any CPU.Deploy.0 = Release|iPhone
		{F09FEC66-B824-4ACE-9058-A4E1488EA13E}.Release|iPhone.ActiveCfg = Release|iPhone
		{F09FEC66-B824-4ACE-9058-A4E1488EA13E}.Release|iPhone.Build.0 = Release|iPhone
		{F09FEC66-B824-4ACE-9058-A4E1488EA13E}.Release|iPhone.Deploy.0 = Release|iPhone
		{F09FEC66-B824-4ACE-9058-A4E1488EA13E}.Release|iPhoneSimulator.ActiveCfg = Release|iPhoneSimulator
		{F09FEC66-B824-4ACE-9058-A4E1488EA13E}.Release|iPhoneSimulator.Build.0 = Release|iPhoneSimulator
		{F09FEC66-B824-4ACE-9058-A4E1488EA13E}.Release|iPhoneSimulator.Deploy.0 = Release|iPhoneSimulator
		{4EB7678A-25A2-4FFB-BC60-DF89E16BB552}.Debug|Any CPU.ActiveCfg = Debug|Any CPU
		{4EB7678A-25A2-4FFB-BC60-DF89E16BB552}.Debug|Any CPU.Build.0 = Debug|Any CPU
		{4EB7678A-25A2-4FFB-BC60-DF89E16BB552}.Debug|Any CPU.Deploy.0 = Debug|Any CPU
		{4EB7678A-25A2-4FFB-BC60-DF89E16BB552}.Debug|iPhone.ActiveCfg = Debug|Any CPU
		{4EB7678A-25A2-4FFB-BC60-DF89E16BB552}.Debug|iPhone.Build.0 = Debug|Any CPU
		{4EB7678A-25A2-4FFB-BC60-DF89E16BB552}.Debug|iPhone.Deploy.0 = Debug|Any CPU
		{4EB7678A-25A2-4FFB-BC60-DF89E16BB552}.Debug|iPhoneSimulator.ActiveCfg = Debug|Any CPU
		{4EB7678A-25A2-4FFB-BC60-DF89E16BB552}.Debug|iPhoneSimulator.Build.0 = Debug|Any CPU
		{4EB7678A-25A2-4FFB-BC60-DF89E16BB552}.Debug|iPhoneSimulator.Deploy.0 = Debug|Any CPU
		{4EB7678A-25A2-4FFB-BC60-DF89E16BB552}.Release|Any CPU.ActiveCfg = Release|Any CPU
		{4EB7678A-25A2-4FFB-BC60-DF89E16BB552}.Release|Any CPU.Build.0 = Release|Any CPU
		{4EB7678A-25A2-4FFB-BC60-DF89E16BB552}.Release|Any CPU.Deploy.0 = Release|Any CPU
		{4EB7678A-25A2-4FFB-BC60-DF89E16BB552}.Release|iPhone.ActiveCfg = Release|Any CPU
		{4EB7678A-25A2-4FFB-BC60-DF89E16BB552}.Release|iPhone.Build.0 = Release|Any CPU
		{4EB7678A-25A2-4FFB-BC60-DF89E16BB552}.Release|iPhone.Deploy.0 = Release|Any CPU
		{4EB7678A-25A2-4FFB-BC60-DF89E16BB552}.Release|iPhoneSimulator.ActiveCfg = Release|Any CPU
		{4EB7678A-25A2-4FFB-BC60-DF89E16BB552}.Release|iPhoneSimulator.Build.0 = Release|Any CPU
		{4EB7678A-25A2-4FFB-BC60-DF89E16BB552}.Release|iPhoneSimulator.Deploy.0 = Release|Any CPU
	EndGlobalSection
	GlobalSection(SolutionProperties) = preSolution
		HideSolutionNode = FALSE
	EndGlobalSection
	GlobalSection(ExtensibilityGlobals) = postSolution
		SolutionGuid = {06FDB437-9F4F-48AD-AC83-2A1CCC1A1E7E}
	EndGlobalSection
EndGlobal
